
Microsoft Visual Studio Solution File, Format Version 12.00
# Visual Studio Version 17
VisualStudioVersion = 17.5.33502.453
MinimumVisualStudioVersion = 10.0.40219.1
Project("{FAE04EC0-301F-11D3-BF4B-00C04F79EFBC}") = "LocadoraClassic.View", "LocadoraClassic.View\LocadoraClassic.View.csproj", "{5CE16E9B-D9E5-4E52-BF1A-FA2A3923A581}"
EndProject
Project("{FAE04EC0-301F-11D3-BF4B-00C04F79EFBC}") = "LocadoraClassic.VO", "LocadoraClassic.VO\LocadoraClassic.VO.csproj", "{FFA7F40D-09C5-4AB6-BC37-07EA6724B7D9}"
EndProject
Project("{FAE04EC0-301F-11D3-BF4B-00C04F79EFBC}") = "LocadoraClassic.DAL", "LocadoraClassic.DAL\LocadoraClassic.DAL.csproj", "{FB93897B-4B5B-42E5-9CD6-E65D68039378}"
EndProject
Global
	GlobalSection(SolutionConfigurationPlatforms) = preSolution
		Debug|Any CPU = Debug|Any CPU
		Release|Any CPU = Release|Any CPU
	EndGlobalSection
	GlobalSection(ProjectConfigurationPlatforms) = postSolution
		{5CE16E9B-D9E5-4E52-BF1A-FA2A3923A581}.Debug|Any CPU.ActiveCfg = Debug|Any CPU
		{5CE16E9B-D9E5-4E52-BF1A-FA2A3923A581}.Debug|Any CPU.Build.0 = Debug|Any CPU
		{5CE16E9B-D9E5-4E52-BF1A-FA2A3923A581}.Release|Any CPU.ActiveCfg = Release|Any CPU
		{5CE16E9B-D9E5-4E52-BF1A-FA2A3923A581}.Release|Any CPU.Build.0 = Release|Any CPU
		{FFA7F40D-09C5-4AB6-BC37-07EA6724B7D9}.Debug|Any CPU.ActiveCfg = Debug|Any CPU
		{FFA7F40D-09C5-4AB6-BC37-07EA6724B7D9}.Debug|Any CPU.Build.0 = Debug|Any CPU
		{FFA7F40D-09C5-4AB6-BC37-07EA6724B7D9}.Release|Any CPU.ActiveCfg = Release|Any CPU
		{FFA7F40D-09C5-4AB6-BC37-07EA6724B7D9}.Release|Any CPU.Build.0 = Release|Any CPU
		{FB93897B-4B5B-42E5-9CD6-E65D68039378}.Debug|Any CPU.ActiveCfg = Debug|Any CPU
		{FB93897B-4B5B-42E5-9CD6-E65D68039378}.Debug|Any CPU.Build.0 = Debug|Any CPU
		{FB93897B-4B5B-42E5-9CD6-E65D68039378}.Release|Any CPU.ActiveCfg = Release|Any CPU
		{FB93897B-4B5B-42E5-9CD6-E65D68039378}.Release|Any CPU.Build.0 = Release|Any CPU
	EndGlobalSection
	GlobalSection(SolutionProperties) = preSolution
		HideSolutionNode = FALSE
	EndGlobalSection
	GlobalSection(ExtensibilityGlobals) = postSolution
		SolutionGuid = {B573794E-43D7-40DF-A25F-6F35650D772D}
	EndGlobalSection
EndGlobal
